
Microsoft Visual Studio Solution File, Format Version 12.00
# Visual Studio Version 16
VisualStudioVersion = 16.0.29209.62
MinimumVisualStudioVersion = 10.0.40219.1
Project("{FAE04EC0-301F-11D3-BF4B-00C04F79EFBC}") = "testigen", "testigen\testigen.csproj", "{559A4318-86B6-4FCA-9EE8-48434A2DAD6A}"
EndProject
Global
	GlobalSection(SolutionConfigurationPlatforms) = preSolution
		Debug|Any CPU = Debug|Any CPU
		Release|Any CPU = Release|Any CPU
	EndGlobalSection
	GlobalSection(ProjectConfigurationPlatforms) = postSolution
		{559A4318-86B6-4FCA-9EE8-48434A2DAD6A}.Debug|Any CPU.ActiveCfg = Debug|Any CPU
		{559A4318-86B6-4FCA-9EE8-48434A2DAD6A}.Debug|Any CPU.Build.0 = Debug|Any CPU
		{559A4318-86B6-4FCA-9EE8-48434A2DAD6A}.Release|Any CPU.ActiveCfg = Release|Any CPU
		{559A4318-86B6-4FCA-9EE8-48434A2DAD6A}.Release|Any CPU.Build.0 = Release|Any CPU
	EndGlobalSection
	GlobalSection(SolutionProperties) = preSolution
		HideSolutionNode = FALSE
	EndGlobalSection
	GlobalSection(ExtensibilityGlobals) = postSolution
		SolutionGuid = {6A60F07C-4F5C-42C2-933F-B2640D9D8203}
	EndGlobalSection
EndGlobal
